
Microsoft Visual Studio Solution File, Format Version 12.00
# Visual Studio Version 17
VisualStudioVersion = 17.1.32210.238
MinimumVisualStudioVersion = 10.0.40219.1
Project("{FAE04EC0-301F-11D3-BF4B-00C04F79EFBC}") = "scholExamp", "scholExamp\scholExamp.csproj", "{1FD1374E-94FB-4F91-971B-76B9B824B54F}"
EndProject
Global
	GlobalSection(SolutionConfigurationPlatforms) = preSolution
		Debug|Any CPU = Debug|Any CPU
		Release|Any CPU = Release|Any CPU
	EndGlobalSection
	GlobalSection(ProjectConfigurationPlatforms) = postSolution
		{1FD1374E-94FB-4F91-971B-76B9B824B54F}.Debug|Any CPU.ActiveCfg = Debug|Any CPU
		{1FD1374E-94FB-4F91-971B-76B9B824B54F}.Debug|Any CPU.Build.0 = Debug|Any CPU
		{1FD1374E-94FB-4F91-971B-76B9B824B54F}.Release|Any CPU.ActiveCfg = Release|Any CPU
		{1FD1374E-94FB-4F91-971B-76B9B824B54F}.Release|Any CPU.Build.0 = Release|Any CPU
	EndGlobalSection
	GlobalSection(SolutionProperties) = preSolution
		HideSolutionNode = FALSE
	EndGlobalSection
	GlobalSection(ExtensibilityGlobals) = postSolution
		SolutionGuid = {1AE6A09A-22C6-4E82-A5D1-4D0B904DC82D}
	EndGlobalSection
EndGlobal
